
Microsoft Visual Studio Solution File, Format Version 11.00
# Visual Studio 2010
Project("{FAE04EC0-301F-11D3-BF4B-00C04F79EFBC}") = "Assembly-CSharp", "Assembly-CSharp.csproj", "{71DC3803-2807-D23D-8BFD-5A0FEC7F391E}"
EndProject
Project("{FAE04EC0-301F-11D3-BF4B-00C04F79EFBC}") = "Assembly-CSharp-Editor", "Assembly-CSharp-Editor.csproj", "{08F22F14-B830-625E-3D2C-FBB34371B1BB}"
EndProject
Global
	GlobalSection(SolutionConfigurationPlatforms) = preSolution
		Debug|Any CPU = Debug|Any CPU
		Release|Any CPU = Release|Any CPU
	EndGlobalSection
	GlobalSection(ProjectConfigurationPlatforms) = postSolution
		{71DC3803-2807-D23D-8BFD-5A0FEC7F391E}.Debug|Any CPU.ActiveCfg = Debug|Any CPU
		{71DC3803-2807-D23D-8BFD-5A0FEC7F391E}.Debug|Any CPU.Build.0 = Debug|Any CPU
		{71DC3803-2807-D23D-8BFD-5A0FEC7F391E}.Release|Any CPU.ActiveCfg = Release|Any CPU
		{71DC3803-2807-D23D-8BFD-5A0FEC7F391E}.Release|Any CPU.Build.0 = Release|Any CPU
		{08F22F14-B830-625E-3D2C-FBB34371B1BB}.Debug|Any CPU.ActiveCfg = Debug|Any CPU
		{08F22F14-B830-625E-3D2C-FBB34371B1BB}.Debug|Any CPU.Build.0 = Debug|Any CPU
		{08F22F14-B830-625E-3D2C-FBB34371B1BB}.Release|Any CPU.ActiveCfg = Release|Any CPU
		{08F22F14-B830-625E-3D2C-FBB34371B1BB}.Release|Any CPU.Build.0 = Release|Any CPU
	EndGlobalSection
	GlobalSection(SolutionProperties) = preSolution
		HideSolutionNode = FALSE
	EndGlobalSection
EndGlobal
